
Microsoft Visual Studio Solution File, Format Version 12.00
# Visual Studio Version 17
VisualStudioVersion = 17.0.31903.59
MinimumVisualStudioVersion = 10.0.40219.1
Project("{FAE04EC0-301F-11D3-BF4B-00C04F79EFBC}") = "API", "API\API.csproj", "{EC0FA48D-EDA0-42A6-851C-379F9FFBE3D1}"
EndProject
Project("{FAE04EC0-301F-11D3-BF4B-00C04F79EFBC}") = "Core", "Core\Core.csproj", "{88653B9D-C1B8-4F08-83BA-4625A5A3FCE9}"
EndProject
Project("{FAE04EC0-301F-11D3-BF4B-00C04F79EFBC}") = "Infrastructure", "Infrastructure\Infrastructure.csproj", "{23ED4D9F-B735-4350-8C02-5DF6D49C60F6}"
EndProject
Global
	GlobalSection(SolutionConfigurationPlatforms) = preSolution
		Debug|Any CPU = Debug|Any CPU
		Release|Any CPU = Release|Any CPU
	EndGlobalSection
	GlobalSection(SolutionProperties) = preSolution
		HideSolutionNode = FALSE
	EndGlobalSection
	GlobalSection(ProjectConfigurationPlatforms) = postSolution
		{EC0FA48D-EDA0-42A6-851C-379F9FFBE3D1}.Debug|Any CPU.ActiveCfg = Debug|Any CPU
		{EC0FA48D-EDA0-42A6-851C-379F9FFBE3D1}.Debug|Any CPU.Build.0 = Debug|Any CPU
		{EC0FA48D-EDA0-42A6-851C-379F9FFBE3D1}.Release|Any CPU.ActiveCfg = Release|Any CPU
		{EC0FA48D-EDA0-42A6-851C-379F9FFBE3D1}.Release|Any CPU.Build.0 = Release|Any CPU
		{88653B9D-C1B8-4F08-83BA-4625A5A3FCE9}.Debug|Any CPU.ActiveCfg = Debug|Any CPU
		{88653B9D-C1B8-4F08-83BA-4625A5A3FCE9}.Debug|Any CPU.Build.0 = Debug|Any CPU
		{88653B9D-C1B8-4F08-83BA-4625A5A3FCE9}.Release|Any CPU.ActiveCfg = Release|Any CPU
		{88653B9D-C1B8-4F08-83BA-4625A5A3FCE9}.Release|Any CPU.Build.0 = Release|Any CPU
		{23ED4D9F-B735-4350-8C02-5DF6D49C60F6}.Debug|Any CPU.ActiveCfg = Debug|Any CPU
		{23ED4D9F-B735-4350-8C02-5DF6D49C60F6}.Debug|Any CPU.Build.0 = Debug|Any CPU
		{23ED4D9F-B735-4350-8C02-5DF6D49C60F6}.Release|Any CPU.ActiveCfg = Release|Any CPU
		{23ED4D9F-B735-4350-8C02-5DF6D49C60F6}.Release|Any CPU.Build.0 = Release|Any CPU
	EndGlobalSection
EndGlobal
